
Microsoft Visual Studio Solution File, Format Version 12.00
# Visual Studio Version 17
VisualStudioVersion = 17.13.35931.197
MinimumVisualStudioVersion = 10.0.40219.1
Project("{FAE04EC0-301F-11D3-BF4B-00C04F79EFBC}") = "Imagine", "Imagine\Imagine.csproj", "{CA309644-5D7B-452D-96CE-D6E0893EC5FF}"
EndProject
Project("{FAE04EC0-301F-11D3-BF4B-00C04F79EFBC}") = "Imagine_test", "Imagine_test\Imagine_test.csproj", "{3171E490-3619-4C87-820F-752745E8DCF1}"
EndProject
Global
	GlobalSection(SolutionConfigurationPlatforms) = preSolution
		Debug|Any CPU = Debug|Any CPU
		Release|Any CPU = Release|Any CPU
	EndGlobalSection
	GlobalSection(ProjectConfigurationPlatforms) = postSolution
		{CA309644-5D7B-452D-96CE-D6E0893EC5FF}.Debug|Any CPU.ActiveCfg = Debug|Any CPU
		{CA309644-5D7B-452D-96CE-D6E0893EC5FF}.Debug|Any CPU.Build.0 = Debug|Any CPU
		{CA309644-5D7B-452D-96CE-D6E0893EC5FF}.Release|Any CPU.ActiveCfg = Release|Any CPU
		{CA309644-5D7B-452D-96CE-D6E0893EC5FF}.Release|Any CPU.Build.0 = Release|Any CPU
		{3171E490-3619-4C87-820F-752745E8DCF1}.Debug|Any CPU.ActiveCfg = Debug|Any CPU
		{3171E490-3619-4C87-820F-752745E8DCF1}.Debug|Any CPU.Build.0 = Debug|Any CPU
		{3171E490-3619-4C87-820F-752745E8DCF1}.Release|Any CPU.ActiveCfg = Release|Any CPU
		{3171E490-3619-4C87-820F-752745E8DCF1}.Release|Any CPU.Build.0 = Release|Any CPU
	EndGlobalSection
	GlobalSection(SolutionProperties) = preSolution
		HideSolutionNode = FALSE
	EndGlobalSection
	GlobalSection(ExtensibilityGlobals) = postSolution
		SolutionGuid = {6E474801-81F4-4014-B4EE-FC11ED2842F4}
	EndGlobalSection
EndGlobal
